
Microsoft Visual Studio Solution File, Format Version 12.00
# Visual Studio Version 16
VisualStudioVersion = 16.0.30114.105
MinimumVisualStudioVersion = 10.0.40219.1
Project("{9A19103F-16F7-4668-BE54-9A1E7A4F7556}") = "VersOne.Epub", "EpubReader-master\Source\VersOne.Epub\VersOne.Epub.csproj", "{B23570E5-ED5F-4D3C-9104-12520D0ABA57}"
EndProject
Project("{FAE04EC0-301F-11D3-BF4B-00C04F79EFBC}") = "BookReader", "WindowsFormsApp1\BookReader.csproj", "{EDEE563A-46FD-45D3-8779-7EAAA9A737D9}"
EndProject
Project("{9A19103F-16F7-4668-BE54-9A1E7A4F7556}") = "FfmpegMaster", "FfmpegMaster\FfmpegMaster.csproj", "{CCE1B406-BA6A-4EF9-91CB-990F0ED00D1A}"
EndProject
Project("{9A19103F-16F7-4668-BE54-9A1E7A4F7556}") = "BookReader.Core", "WindowsFormsApp1.Core\BookReader.Core.csproj", "{DD0A6862-2018-46D5-95BD-B5C423945898}"
EndProject
Global
	GlobalSection(SolutionConfigurationPlatforms) = preSolution
		Debug|Any CPU = Debug|Any CPU
		Debug|ARM = Debug|ARM
		Debug|ARM64 = Debug|ARM64
		Debug|x64 = Debug|x64
		Debug|x86 = Debug|x86
		Release|Any CPU = Release|Any CPU
		Release|ARM = Release|ARM
		Release|ARM64 = Release|ARM64
		Release|x64 = Release|x64
		Release|x86 = Release|x86
	EndGlobalSection
	GlobalSection(ProjectConfigurationPlatforms) = postSolution
		{B23570E5-ED5F-4D3C-9104-12520D0ABA57}.Debug|Any CPU.ActiveCfg = Debug|Any CPU
		{B23570E5-ED5F-4D3C-9104-12520D0ABA57}.Debug|Any CPU.Build.0 = Debug|Any CPU
		{B23570E5-ED5F-4D3C-9104-12520D0ABA57}.Debug|ARM.ActiveCfg = Debug|Any CPU
		{B23570E5-ED5F-4D3C-9104-12520D0ABA57}.Debug|ARM.Build.0 = Debug|Any CPU
		{B23570E5-ED5F-4D3C-9104-12520D0ABA57}.Debug|ARM64.ActiveCfg = Debug|Any CPU
		{B23570E5-ED5F-4D3C-9104-12520D0ABA57}.Debug|ARM64.Build.0 = Debug|Any CPU
		{B23570E5-ED5F-4D3C-9104-12520D0ABA57}.Debug|x64.ActiveCfg = Debug|Any CPU
		{B23570E5-ED5F-4D3C-9104-12520D0ABA57}.Debug|x64.Build.0 = Debug|Any CPU
		{B23570E5-ED5F-4D3C-9104-12520D0ABA57}.Debug|x86.ActiveCfg = Debug|Any CPU
		{B23570E5-ED5F-4D3C-9104-12520D0ABA57}.Debug|x86.Build.0 = Debug|Any CPU
		{B23570E5-ED5F-4D3C-9104-12520D0ABA57}.Release|Any CPU.ActiveCfg = Release|Any CPU
		{B23570E5-ED5F-4D3C-9104-12520D0ABA57}.Release|Any CPU.Build.0 = Release|Any CPU
		{B23570E5-ED5F-4D3C-9104-12520D0ABA57}.Release|ARM.ActiveCfg = Release|Any CPU
		{B23570E5-ED5F-4D3C-9104-12520D0ABA57}.Release|ARM.Build.0 = Release|Any CPU
		{B23570E5-ED5F-4D3C-9104-12520D0ABA57}.Release|ARM64.ActiveCfg = Release|Any CPU
		{B23570E5-ED5F-4D3C-9104-12520D0ABA57}.Release|ARM64.Build.0 = Release|Any CPU
		{B23570E5-ED5F-4D3C-9104-12520D0ABA57}.Release|x64.ActiveCfg = Release|Any CPU
		{B23570E5-ED5F-4D3C-9104-12520D0ABA57}.Release|x64.Build.0 = Release|Any CPU
		{B23570E5-ED5F-4D3C-9104-12520D0ABA57}.Release|x86.ActiveCfg = Release|Any CPU
		{B23570E5-ED5F-4D3C-9104-12520D0ABA57}.Release|x86.Build.0 = Release|Any CPU
		{EDEE563A-46FD-45D3-8779-7EAAA9A737D9}.Debug|Any CPU.ActiveCfg = Debug|Any CPU
		{EDEE563A-46FD-45D3-8779-7EAAA9A737D9}.Debug|Any CPU.Build.0 = Debug|Any CPU
		{EDEE563A-46FD-45D3-8779-7EAAA9A737D9}.Debug|ARM.ActiveCfg = Debug|Any CPU
		{EDEE563A-46FD-45D3-8779-7EAAA9A737D9}.Debug|ARM.Build.0 = Debug|Any CPU
		{EDEE563A-46FD-45D3-8779-7EAAA9A737D9}.Debug|ARM64.ActiveCfg = Debug|Any CPU
		{EDEE563A-46FD-45D3-8779-7EAAA9A737D9}.Debug|ARM64.Build.0 = Debug|Any CPU
		{EDEE563A-46FD-45D3-8779-7EAAA9A737D9}.Debug|x64.ActiveCfg = Debug|x64
		{EDEE563A-46FD-45D3-8779-7EAAA9A737D9}.Debug|x64.Build.0 = Debug|x64
		{EDEE563A-46FD-45D3-8779-7EAAA9A737D9}.Debug|x86.ActiveCfg = Debug|Any CPU
		{EDEE563A-46FD-45D3-8779-7EAAA9A737D9}.Debug|x86.Build.0 = Debug|Any CPU
		{EDEE563A-46FD-45D3-8779-7EAAA9A737D9}.Release|Any CPU.ActiveCfg = Release|Any CPU
		{EDEE563A-46FD-45D3-8779-7EAAA9A737D9}.Release|Any CPU.Build.0 = Release|Any CPU
		{EDEE563A-46FD-45D3-8779-7EAAA9A737D9}.Release|ARM.ActiveCfg = Release|Any CPU
		{EDEE563A-46FD-45D3-8779-7EAAA9A737D9}.Release|ARM.Build.0 = Release|Any CPU
		{EDEE563A-46FD-45D3-8779-7EAAA9A737D9}.Release|ARM64.ActiveCfg = Release|Any CPU
		{EDEE563A-46FD-45D3-8779-7EAAA9A737D9}.Release|ARM64.Build.0 = Release|Any CPU
		{EDEE563A-46FD-45D3-8779-7EAAA9A737D9}.Release|x64.ActiveCfg = Release|Any CPU
		{EDEE563A-46FD-45D3-8779-7EAAA9A737D9}.Release|x64.Build.0 = Release|Any CPU
		{EDEE563A-46FD-45D3-8779-7EAAA9A737D9}.Release|x86.ActiveCfg = Release|Any CPU
		{EDEE563A-46FD-45D3-8779-7EAAA9A737D9}.Release|x86.Build.0 = Release|Any CPU
		{CCE1B406-BA6A-4EF9-91CB-990F0ED00D1A}.Debug|Any CPU.ActiveCfg = Debug|Any CPU
		{CCE1B406-BA6A-4EF9-91CB-990F0ED00D1A}.Debug|Any CPU.Build.0 = Debug|Any CPU
		{CCE1B406-BA6A-4EF9-91CB-990F0ED00D1A}.Debug|ARM.ActiveCfg = Debug|Any CPU
		{CCE1B406-BA6A-4EF9-91CB-990F0ED00D1A}.Debug|ARM.Build.0 = Debug|Any CPU
		{CCE1B406-BA6A-4EF9-91CB-990F0ED00D1A}.Debug|ARM64.ActiveCfg = Debug|Any CPU
		{CCE1B406-BA6A-4EF9-91CB-990F0ED00D1A}.Debug|ARM64.Build.0 = Debug|Any CPU
		{CCE1B406-BA6A-4EF9-91CB-990F0ED00D1A}.Debug|x64.ActiveCfg = Debug|Any CPU
		{CCE1B406-BA6A-4EF9-91CB-990F0ED00D1A}.Debug|x64.Build.0 = Debug|Any CPU
		{CCE1B406-BA6A-4EF9-91CB-990F0ED00D1A}.Debug|x86.ActiveCfg = Debug|Any CPU
		{CCE1B406-BA6A-4EF9-91CB-990F0ED00D1A}.Debug|x86.Build.0 = Debug|Any CPU
		{CCE1B406-BA6A-4EF9-91CB-990F0ED00D1A}.Release|Any CPU.ActiveCfg = Release|Any CPU
		{CCE1B406-BA6A-4EF9-91CB-990F0ED00D1A}.Release|Any CPU.Build.0 = Release|Any CPU
		{CCE1B406-BA6A-4EF9-91CB-990F0ED00D1A}.Release|ARM.ActiveCfg = Release|Any CPU
		{CCE1B406-BA6A-4EF9-91CB-990F0ED00D1A}.Release|ARM.Build.0 = Release|Any CPU
		{CCE1B406-BA6A-4EF9-91CB-990F0ED00D1A}.Release|ARM64.ActiveCfg = Release|Any CPU
		{CCE1B406-BA6A-4EF9-91CB-990F0ED00D1A}.Release|ARM64.Build.0 = Release|Any CPU
		{CCE1B406-BA6A-4EF9-91CB-990F0ED00D1A}.Release|x64.ActiveCfg = Release|Any CPU
		{CCE1B406-BA6A-4EF9-91CB-990F0ED00D1A}.Release|x64.Build.0 = Release|Any CPU
		{CCE1B406-BA6A-4EF9-91CB-990F0ED00D1A}.Release|x86.ActiveCfg = Release|Any CPU
		{CCE1B406-BA6A-4EF9-91CB-990F0ED00D1A}.Release|x86.Build.0 = Release|Any CPU
		{DD0A6862-2018-46D5-95BD-B5C423945898}.Debug|Any CPU.ActiveCfg = Debug|Any CPU
		{DD0A6862-2018-46D5-95BD-B5C423945898}.Debug|Any CPU.Build.0 = Debug|Any CPU
		{DD0A6862-2018-46D5-95BD-B5C423945898}.Debug|ARM.ActiveCfg = Debug|Any CPU
		{DD0A6862-2018-46D5-95BD-B5C423945898}.Debug|ARM.Build.0 = Debug|Any CPU
		{DD0A6862-2018-46D5-95BD-B5C423945898}.Debug|ARM64.ActiveCfg = Debug|Any CPU
		{DD0A6862-2018-46D5-95BD-B5C423945898}.Debug|ARM64.Build.0 = Debug|Any CPU
		{DD0A6862-2018-46D5-95BD-B5C423945898}.Debug|x64.ActiveCfg = Debug|Any CPU
		{DD0A6862-2018-46D5-95BD-B5C423945898}.Debug|x64.Build.0 = Debug|Any CPU
		{DD0A6862-2018-46D5-95BD-B5C423945898}.Debug|x86.ActiveCfg = Debug|Any CPU
		{DD0A6862-2018-46D5-95BD-B5C423945898}.Debug|x86.Build.0 = Debug|Any CPU
		{DD0A6862-2018-46D5-95BD-B5C423945898}.Release|Any CPU.ActiveCfg = Release|Any CPU
		{DD0A6862-2018-46D5-95BD-B5C423945898}.Release|Any CPU.Build.0 = Release|Any CPU
		{DD0A6862-2018-46D5-95BD-B5C423945898}.Release|ARM.ActiveCfg = Release|Any CPU
		{DD0A6862-2018-46D5-95BD-B5C423945898}.Release|ARM.Build.0 = Release|Any CPU
		{DD0A6862-2018-46D5-95BD-B5C423945898}.Release|ARM64.ActiveCfg = Release|Any CPU
		{DD0A6862-2018-46D5-95BD-B5C423945898}.Release|ARM64.Build.0 = Release|Any CPU
		{DD0A6862-2018-46D5-95BD-B5C423945898}.Release|x64.ActiveCfg = Release|Any CPU
		{DD0A6862-2018-46D5-95BD-B5C423945898}.Release|x64.Build.0 = Release|Any CPU
		{DD0A6862-2018-46D5-95BD-B5C423945898}.Release|x86.ActiveCfg = Release|Any CPU
		{DD0A6862-2018-46D5-95BD-B5C423945898}.Release|x86.Build.0 = Release|Any CPU
	EndGlobalSection
	GlobalSection(SolutionProperties) = preSolution
		HideSolutionNode = FALSE
	EndGlobalSection
	GlobalSection(ExtensibilityGlobals) = postSolution
		SolutionGuid = {51346557-7309-4EB6-848C-41E396BC102B}
	EndGlobalSection
EndGlobal
